
Microsoft Visual Studio Solution File, Format Version 12.00
# Visual Studio Version 16
VisualStudioVersion = 16.0.29230.47
MinimumVisualStudioVersion = 10.0.40219.1
Project("{FAE04EC0-301F-11D3-BF4B-00C04F79EFBC}") = "AspNetCore-2-2-JWT", "AspNetCore-2-2-JWT.csproj", "{5BF02F50-9FE7-4B2D-B162-470BFEB8D9DE}"
EndProject
Global
	GlobalSection(SolutionConfigurationPlatforms) = preSolution
		Debug|Any CPU = Debug|Any CPU
		Release|Any CPU = Release|Any CPU
	EndGlobalSection
	GlobalSection(ProjectConfigurationPlatforms) = postSolution
		{5BF02F50-9FE7-4B2D-B162-470BFEB8D9DE}.Debug|Any CPU.ActiveCfg = Debug|Any CPU
		{5BF02F50-9FE7-4B2D-B162-470BFEB8D9DE}.Debug|Any CPU.Build.0 = Debug|Any CPU
		{5BF02F50-9FE7-4B2D-B162-470BFEB8D9DE}.Release|Any CPU.ActiveCfg = Release|Any CPU
		{5BF02F50-9FE7-4B2D-B162-470BFEB8D9DE}.Release|Any CPU.Build.0 = Release|Any CPU
	EndGlobalSection
	GlobalSection(SolutionProperties) = preSolution
		HideSolutionNode = FALSE
	EndGlobalSection
	GlobalSection(ExtensibilityGlobals) = postSolution
		SolutionGuid = {E6576DB6-1992-4B88-B69C-F326693304BB}
	EndGlobalSection
EndGlobal
